
Microsoft Visual Studio Solution File, Format Version 12.00
# Visual Studio Version 17
VisualStudioVersion = 17.5.33424.131
MinimumVisualStudioVersion = 10.0.40219.1
Project("{FAE04EC0-301F-11D3-BF4B-00C04F79EFBC}") = "AgenDary.Android", "AgenDary.Android\AgenDary.Android.csproj", "{86CDB303-16F3-44B2-AA5F-C2100C58DCE1}"
EndProject
Project("{FAE04EC0-301F-11D3-BF4B-00C04F79EFBC}") = "AgenDary.iOS", "AgenDary.iOS\AgenDary.iOS.csproj", "{C4DF5012-E0B5-4AEB-A071-FEEA613058FC}"
EndProject
Project("{FAE04EC0-301F-11D3-BF4B-00C04F79EFBC}") = "AgenDary", "AgenDary\AgenDary.csproj", "{A3C71FE5-C790-4081-81A9-1CA4B7B8A53E}"
EndProject
Global
	GlobalSection(SolutionConfigurationPlatforms) = preSolution
		Debug|Any CPU = Debug|Any CPU
		Debug|iPhone = Debug|iPhone
		Debug|iPhoneSimulator = Debug|iPhoneSimulator
		Release|Any CPU = Release|Any CPU
		Release|iPhone = Release|iPhone
		Release|iPhoneSimulator = Release|iPhoneSimulator
	EndGlobalSection
	GlobalSection(ProjectConfigurationPlatforms) = postSolution
		{86CDB303-16F3-44B2-AA5F-C2100C58DCE1}.Debug|Any CPU.ActiveCfg = Debug|Any CPU
		{86CDB303-16F3-44B2-AA5F-C2100C58DCE1}.Debug|Any CPU.Build.0 = Debug|Any CPU
		{86CDB303-16F3-44B2-AA5F-C2100C58DCE1}.Debug|Any CPU.Deploy.0 = Debug|Any CPU
		{86CDB303-16F3-44B2-AA5F-C2100C58DCE1}.Debug|iPhone.ActiveCfg = Debug|Any CPU
		{86CDB303-16F3-44B2-AA5F-C2100C58DCE1}.Debug|iPhone.Build.0 = Debug|Any CPU
		{86CDB303-16F3-44B2-AA5F-C2100C58DCE1}.Debug|iPhone.Deploy.0 = Debug|Any CPU
		{86CDB303-16F3-44B2-AA5F-C2100C58DCE1}.Debug|iPhoneSimulator.ActiveCfg = Debug|Any CPU
		{86CDB303-16F3-44B2-AA5F-C2100C58DCE1}.Debug|iPhoneSimulator.Build.0 = Debug|Any CPU
		{86CDB303-16F3-44B2-AA5F-C2100C58DCE1}.Debug|iPhoneSimulator.Deploy.0 = Debug|Any CPU
		{86CDB303-16F3-44B2-AA5F-C2100C58DCE1}.Release|Any CPU.ActiveCfg = Release|Any CPU
		{86CDB303-16F3-44B2-AA5F-C2100C58DCE1}.Release|Any CPU.Build.0 = Release|Any CPU
		{86CDB303-16F3-44B2-AA5F-C2100C58DCE1}.Release|Any CPU.Deploy.0 = Release|Any CPU
		{86CDB303-16F3-44B2-AA5F-C2100C58DCE1}.Release|iPhone.ActiveCfg = Release|Any CPU
		{86CDB303-16F3-44B2-AA5F-C2100C58DCE1}.Release|iPhone.Build.0 = Release|Any CPU
		{86CDB303-16F3-44B2-AA5F-C2100C58DCE1}.Release|iPhone.Deploy.0 = Release|Any CPU
		{86CDB303-16F3-44B2-AA5F-C2100C58DCE1}.Release|iPhoneSimulator.ActiveCfg = Release|Any CPU
		{86CDB303-16F3-44B2-AA5F-C2100C58DCE1}.Release|iPhoneSimulator.Build.0 = Release|Any CPU
		{86CDB303-16F3-44B2-AA5F-C2100C58DCE1}.Release|iPhoneSimulator.Deploy.0 = Release|Any CPU
		{C4DF5012-E0B5-4AEB-A071-FEEA613058FC}.Debug|Any CPU.ActiveCfg = Debug|iPhone
		{C4DF5012-E0B5-4AEB-A071-FEEA613058FC}.Debug|Any CPU.Build.0 = Debug|iPhone
		{C4DF5012-E0B5-4AEB-A071-FEEA613058FC}.Debug|Any CPU.Deploy.0 = Debug|iPhone
		{C4DF5012-E0B5-4AEB-A071-FEEA613058FC}.Debug|iPhone.ActiveCfg = Debug|iPhone
		{C4DF5012-E0B5-4AEB-A071-FEEA613058FC}.Debug|iPhone.Build.0 = Debug|iPhone
		{C4DF5012-E0B5-4AEB-A071-FEEA613058FC}.Debug|iPhone.Deploy.0 = Debug|iPhone
		{C4DF5012-E0B5-4AEB-A071-FEEA613058FC}.Debug|iPhoneSimulator.ActiveCfg = Debug|iPhoneSimulator
		{C4DF5012-E0B5-4AEB-A071-FEEA613058FC}.Debug|iPhoneSimulator.Build.0 = Debug|iPhoneSimulator
		{C4DF5012-E0B5-4AEB-A071-FEEA613058FC}.Debug|iPhoneSimulator.Deploy.0 = Debug|iPhoneSimulator
		{C4DF5012-E0B5-4AEB-A071-FEEA613058FC}.Release|Any CPU.ActiveCfg = Release|iPhoneSimulator
		{C4DF5012-E0B5-4AEB-A071-FEEA613058FC}.Release|Any CPU.Build.0 = Release|iPhoneSimulator
		{C4DF5012-E0B5-4AEB-A071-FEEA613058FC}.Release|Any CPU.Deploy.0 = Release|iPhoneSimulator
		{C4DF5012-E0B5-4AEB-A071-FEEA613058FC}.Release|iPhone.ActiveCfg = Release|iPhone
		{C4DF5012-E0B5-4AEB-A071-FEEA613058FC}.Release|iPhone.Build.0 = Release|iPhone
		{C4DF5012-E0B5-4AEB-A071-FEEA613058FC}.Release|iPhone.Deploy.0 = Release|iPhone
		{C4DF5012-E0B5-4AEB-A071-FEEA613058FC}.Release|iPhoneSimulator.ActiveCfg = Release|iPhoneSimulator
		{C4DF5012-E0B5-4AEB-A071-FEEA613058FC}.Release|iPhoneSimulator.Build.0 = Release|iPhoneSimulator
		{C4DF5012-E0B5-4AEB-A071-FEEA613058FC}.Release|iPhoneSimulator.Deploy.0 = Release|iPhoneSimulator
		{A3C71FE5-C790-4081-81A9-1CA4B7B8A53E}.Debug|Any CPU.ActiveCfg = Debug|Any CPU
		{A3C71FE5-C790-4081-81A9-1CA4B7B8A53E}.Debug|Any CPU.Build.0 = Debug|Any CPU
		{A3C71FE5-C790-4081-81A9-1CA4B7B8A53E}.Debug|Any CPU.Deploy.0 = Debug|Any CPU
		{A3C71FE5-C790-4081-81A9-1CA4B7B8A53E}.Debug|iPhone.ActiveCfg = Debug|Any CPU
		{A3C71FE5-C790-4081-81A9-1CA4B7B8A53E}.Debug|iPhone.Build.0 = Debug|Any CPU
		{A3C71FE5-C790-4081-81A9-1CA4B7B8A53E}.Debug|iPhone.Deploy.0 = Debug|Any CPU
		{A3C71FE5-C790-4081-81A9-1CA4B7B8A53E}.Debug|iPhoneSimulator.ActiveCfg = Debug|Any CPU
		{A3C71FE5-C790-4081-81A9-1CA4B7B8A53E}.Debug|iPhoneSimulator.Build.0 = Debug|Any CPU
		{A3C71FE5-C790-4081-81A9-1CA4B7B8A53E}.Debug|iPhoneSimulator.Deploy.0 = Debug|Any CPU
		{A3C71FE5-C790-4081-81A9-1CA4B7B8A53E}.Release|Any CPU.ActiveCfg = Release|Any CPU
		{A3C71FE5-C790-4081-81A9-1CA4B7B8A53E}.Release|Any CPU.Build.0 = Release|Any CPU
		{A3C71FE5-C790-4081-81A9-1CA4B7B8A53E}.Release|Any CPU.Deploy.0 = Release|Any CPU
		{A3C71FE5-C790-4081-81A9-1CA4B7B8A53E}.Release|iPhone.ActiveCfg = Release|Any CPU
		{A3C71FE5-C790-4081-81A9-1CA4B7B8A53E}.Release|iPhone.Build.0 = Release|Any CPU
		{A3C71FE5-C790-4081-81A9-1CA4B7B8A53E}.Release|iPhone.Deploy.0 = Release|Any CPU
		{A3C71FE5-C790-4081-81A9-1CA4B7B8A53E}.Release|iPhoneSimulator.ActiveCfg = Release|Any CPU
		{A3C71FE5-C790-4081-81A9-1CA4B7B8A53E}.Release|iPhoneSimulator.Build.0 = Release|Any CPU
		{A3C71FE5-C790-4081-81A9-1CA4B7B8A53E}.Release|iPhoneSimulator.Deploy.0 = Release|Any CPU
	EndGlobalSection
	GlobalSection(SolutionProperties) = preSolution
		HideSolutionNode = FALSE
	EndGlobalSection
	GlobalSection(ExtensibilityGlobals) = postSolution
		SolutionGuid = {0E2D0650-C870-4758-9737-262CE526847D}
	EndGlobalSection
EndGlobal
